
Microsoft Visual Studio Solution File, Format Version 12.00
# Visual Studio Version 17
VisualStudioVersion = 17.10.34916.146
MinimumVisualStudioVersion = 10.0.40219.1
Project("{FAE04EC0-301F-11D3-BF4B-00C04F79EFBC}") = "Movie Backend", "Movie Backend.csproj", "{CCC70D16-CD55-4289-9892-841913CFF54E}"
EndProject
Global
	GlobalSection(SolutionConfigurationPlatforms) = preSolution
		Debug|Any CPU = Debug|Any CPU
		Release|Any CPU = Release|Any CPU
	EndGlobalSection
	GlobalSection(ProjectConfigurationPlatforms) = postSolution
		{CCC70D16-CD55-4289-9892-841913CFF54E}.Debug|Any CPU.ActiveCfg = Debug|Any CPU
		{CCC70D16-CD55-4289-9892-841913CFF54E}.Debug|Any CPU.Build.0 = Debug|Any CPU
		{CCC70D16-CD55-4289-9892-841913CFF54E}.Release|Any CPU.ActiveCfg = Release|Any CPU
		{CCC70D16-CD55-4289-9892-841913CFF54E}.Release|Any CPU.Build.0 = Release|Any CPU
	EndGlobalSection
	GlobalSection(SolutionProperties) = preSolution
		HideSolutionNode = FALSE
	EndGlobalSection
	GlobalSection(ExtensibilityGlobals) = postSolution
		SolutionGuid = {D980C899-C2F4-4BFE-B032-ACA800FE79F5}
	EndGlobalSection
EndGlobal
